{
  "name": "yhcg_electron",
  "version": "1.0.0",
  "lockfileVersion": 1,
  "requires": true,
  "dependencies": {
    "@types/events": {
      "version": "1.2.0",
      "resolved": "http://registry.npm.taobao.org/@types/events/download/@types/events-1.2.0.tgz"
    },
    "@types/glob": {
      "version": "5.0.35",
      "resolved": "http://registry.npm.taobao.org/@types/glob/download/@types/glob-5.0.35.tgz",
      "requires": {
        "@types/events": "1.2.0",
        "@types/minimatch": "3.0.3",
        "@types/node": "9.4.6"
      }
    },
    "@types/jquery": {
      "version": "3.3.0",
      "resolved": "http://registry.npm.taobao.org/@types/jquery/download/@types/jquery-3.3.0.tgz"
    },
    "@types/minimatch": {
      "version": "3.0.3",
      "resolved": "http://registry.npm.taobao.org/@types/minimatch/download/@types/minimatch-3.0.3.tgz"
    },
    "@types/node": {
      "version": "9.4.6",
      "resolved": "http://registry.npm.taobao.org/@types/node/download/@types/node-9.4.6.tgz"
    },
    "@types/sqlite3": {
      "version": "3.1.1",
      "resolved": "http://registry.npm.taobao.org/@types/sqlite3/download/@types/sqlite3-3.1.1.tgz",
      "requires": {
        "@types/node": "9.4.6"
      }
    },
    "jquery": {
      "version": "3.3.1",
      "resolved": "http://registry.npm.taobao.org/jquery/download/jquery-3.3.1.tgz"
    }
  }
}
